{
	"name": "aoe2-rms",
	"version": "0.3.1",
	"lockfileVersion": 1,
	"requires": true,
	"dependencies": {
		"@types/mocha": {
			"version": "5.2.4",
			"resolved": "https://registry.npmjs.org/@types/mocha/-/mocha-5.2.4.tgz",
			"integrity": "sha512-XMHApnKWI0jvXU5gLcSTsRjJBpSzP0BG+2oGv98JFyS4a5R0tRy0oshHBRndb3BuHb9AwDKaUL8Ja7GfUvsG4g==",
			"dev": true
		},
		"@types/node": {
			"version": "8.10.18",
			"resolved": "https://registry.npmjs.org/@types/node/-/node-8.10.18.tgz",
			"integrity": "sha512-WoepSz+wJlU5Bjq5oK6cO1oXe2FgPcjMtQPgKPS8fVaTAD0lxkScMCCbMimdkVCsykqaA4lvHWz3cmj28yimhA==",
			"dev": true
		},
		"typescript": {
			"version": "2.9.2",
			"resolved": "https://registry.npmjs.org/typescript/-/typescript-2.9.2.tgz",
			"integrity": "sha512-Gr4p6nFNaoufRIY4NMdpQRNmgxVIGMs4Fcu/ujdYk3nAZqk7supzBE9idmvfZIlH/Cuj//dvi+019qEue9lV0w==",
			"dev": true
		}
	}
}
