{
	"name": "aoe2-rms-server",
	"version": "0.3.0",
	"lockfileVersion": 1,
	"requires": true,
	"dependencies": {
		"@types/lodash": {
			"version": "4.14.110",
			"resolved": "https://registry.npmjs.org/@types/lodash/-/lodash-4.14.110.tgz",
			"integrity": "sha512-iXYLa6olt4tnsCA+ZXeP6eEW3tk1SulWeYyP/yooWfAtXjozqXgtX4+XUtMuOCfYjKGz3F34++qUc3Q+TJuIIw=="
		},
		"@types/moo": {
			"version": "0.4.0",
			"resolved": "https://registry.npmjs.org/@types/moo/-/moo-0.4.0.tgz",
			"integrity": "sha512-F/p8V3EN/6rlS9Qc3VZkjjH8gLzWmcQEPtnV2smWrVRflVDwHWTke/CEV/jR9RqRhl2Gq+hsbDKARCVdeEASuA=="
		},
		"@types/nearley": {
			"version": "2.11.0",
			"resolved": "https://registry.npmjs.org/@types/nearley/-/nearley-2.11.0.tgz",
			"integrity": "sha512-sW7qB59pz+AJCpiT3ivsMMsr/5stuCUf4IC22QfhYAMItBy3XSjyzCa/oRG+oTTzYnx5VuPtPNHN4fZ0QRnKDg=="
		},
		"colors": {
			"version": "0.5.1",
			"resolved": "https://registry.npmjs.org/colors/-/colors-0.5.1.tgz",
			"integrity": "sha1-fQAj6usVTo7p/Oddy5I9DtFmd3Q="
		},
		"discontinuous-range": {
			"version": "1.0.0",
			"resolved": "https://registry.npmjs.org/discontinuous-range/-/discontinuous-range-1.0.0.tgz",
			"integrity": "sha1-44Mx8IRLukm5qctxx3FYWqsbxlo="
		},
		"lodash": {
			"version": "4.17.10",
			"resolved": "https://registry.npmjs.org/lodash/-/lodash-4.17.10.tgz",
			"integrity": "sha512-UejweD1pDoXu+AD825lWwp4ZGtSwgnpZxb3JDViD7StjQz+Nb/6l093lx4OQ0foGWNRoc19mWy7BzL+UAK2iVg=="
		},
		"mangudai": {
			"version": "0.2.3",
			"resolved": "https://registry.npmjs.org/mangudai/-/mangudai-0.2.3.tgz",
			"integrity": "sha512-YQw4vsH9p7nZ5akZJ7KQnPfhZNyUN+hwPW42wb4jjcg4/ahHfPWUtxTmPNwKhIg2gplF+XXGffLVC28mqAJJPg==",
			"requires": {
				"@types/lodash": "4.14.110",
				"@types/moo": "0.4.0",
				"@types/nearley": "2.11.0",
				"lodash": "4.17.10",
				"moo": "0.4.3",
				"nearley": "2.13.0"
			}
		},
		"moo": {
			"version": "0.4.3",
			"resolved": "https://registry.npmjs.org/moo/-/moo-0.4.3.tgz",
			"integrity": "sha512-gFD2xGCl8YFgGHsqJ9NKRVdwlioeW3mI1iqfLNYQOv0+6JRwG58Zk9DIGQgyIaffSYaO1xsKnMaYzzNr1KyIAw=="
		},
		"nearley": {
			"version": "2.13.0",
			"resolved": "https://registry.npmjs.org/nearley/-/nearley-2.13.0.tgz",
			"integrity": "sha512-ioYYogSaZhFlCpRizQgY3UT3G1qFXmHGY/5ozoFE3dMfiCRAeJfh+IPE3/eh9gCZvqLhPCWb4bLt7Bqzo+1mLQ==",
			"requires": {
				"nomnom": "~1.6.2",
				"railroad-diagrams": "^1.0.0",
				"randexp": "0.4.6",
				"semver": "^5.4.1"
			}
		},
		"nomnom": {
			"version": "1.6.2",
			"resolved": "https://registry.npmjs.org/nomnom/-/nomnom-1.6.2.tgz",
			"integrity": "sha1-hKZqJgF0QI/Ft3oY+IjszET7aXE=",
			"requires": {
				"colors": "0.5.x",
				"underscore": "~1.4.4"
			}
		},
		"railroad-diagrams": {
			"version": "1.0.0",
			"resolved": "https://registry.npmjs.org/railroad-diagrams/-/railroad-diagrams-1.0.0.tgz",
			"integrity": "sha1-635iZ1SN3t+4mcG5Dlc3RVnN234="
		},
		"randexp": {
			"version": "0.4.6",
			"resolved": "https://registry.npmjs.org/randexp/-/randexp-0.4.6.tgz",
			"integrity": "sha512-80WNmd9DA0tmZrw9qQa62GPPWfuXJknrmVmLcxvq4uZBdYqb1wYoKTmnlGUchvVWe0XiLupYkBoXVOxz3C8DYQ==",
			"requires": {
				"discontinuous-range": "1.0.0",
				"ret": "~0.1.10"
			}
		},
		"ret": {
			"version": "0.1.15",
			"resolved": "https://registry.npmjs.org/ret/-/ret-0.1.15.tgz",
			"integrity": "sha512-TTlYpa+OL+vMMNG24xSlQGEJ3B/RzEfUlLct7b5G/ytav+wPrplCpVMFuwzXbkecJrb6IYo1iFb0S9v37754mg=="
		},
		"semver": {
			"version": "5.5.0",
			"resolved": "https://registry.npmjs.org/semver/-/semver-5.5.0.tgz",
			"integrity": "sha512-4SJ3dm0WAwWy/NVeioZh5AntkdJoWKxHxcmyP622fOkgHa4z3R0TdBJICINyaSDE6uNwVc8gZr+ZinwZAH4xIA=="
		},
		"underscore": {
			"version": "1.4.4",
			"resolved": "https://registry.npmjs.org/underscore/-/underscore-1.4.4.tgz",
			"integrity": "sha1-YaajIBBiKvoHljvzJSA88SI51gQ="
		},
		"vscode-jsonrpc": {
			"version": "3.6.2",
			"resolved": "https://registry.npmjs.org/vscode-jsonrpc/-/vscode-jsonrpc-3.6.2.tgz",
			"integrity": "sha512-T24Jb5V48e4VgYliUXMnZ379ItbrXgOimweKaJshD84z+8q7ZOZjJan0MeDe+Ugb+uqERDVV8SBmemaGMSMugA=="
		},
		"vscode-languageserver": {
			"version": "4.2.1",
			"resolved": "https://registry.npmjs.org/vscode-languageserver/-/vscode-languageserver-4.2.1.tgz",
			"integrity": "sha512-5WAxaK1nEpe52ZaWNMqmd6rO5CIE72J/7UkGKPUTdGa0l0haWHS69tpRz+LetBlgTpP7PYacl4xhDaLZv82a+g==",
			"requires": {
				"vscode-languageserver-protocol": "^3.8.1",
				"vscode-uri": "^1.0.3"
			}
		},
		"vscode-languageserver-protocol": {
			"version": "3.8.1",
			"resolved": "https://registry.npmjs.org/vscode-languageserver-protocol/-/vscode-languageserver-protocol-3.8.1.tgz",
			"integrity": "sha512-KdeetvQ2JavRiuE9afNrV5+xJZocj7NGPQwH4kpSFw5cp+0wijv87qgXfSEvmwPUaknhMBoSuSrSIG/LRrzWJQ==",
			"requires": {
				"vscode-jsonrpc": "^3.6.2",
				"vscode-languageserver-types": "^3.8.1"
			}
		},
		"vscode-languageserver-types": {
			"version": "3.8.2",
			"resolved": "https://registry.npmjs.org/vscode-languageserver-types/-/vscode-languageserver-types-3.8.2.tgz",
			"integrity": "sha512-2RMkyt1O1czGPCnkjKZWSio2D8oh3XlQ4zi4W2xL8q2Dvi4hB3/DEt+wYyzo4hmE2ZFP0RB8PXyzHyed7p1hbw=="
		},
		"vscode-uri": {
			"version": "1.0.5",
			"resolved": "https://registry.npmjs.org/vscode-uri/-/vscode-uri-1.0.5.tgz",
			"integrity": "sha1-O4majvccN/MFTXm9vdoxx7828g0="
		}
	}
}
